// !$*UTF8*$!
{
	archiveVersion = 1;
	classes = {
	};
	objectVersion = 50;
	objects = {

/* Begin PBXBuildFile section */
		5A2747952450CDE1009DB156 /* AppDelegate.swift in Sources */ = {isa = PBXBuildFile; fileRef = 5A2747942450CDE1009DB156 /* AppDelegate.swift */; };
		5A2747972450CDE1009DB156 /* SceneDelegate.swift in Sources */ = {isa = PBXBuildFile; fileRef = 5A2747962450CDE1009DB156 /* SceneDelegate.swift */; };
		5A27479A2450CDE1009DB156 /* Face_and_License_Matching_App.xcdatamodeld in Sources */ = {isa = PBXBuildFile; fileRef = 5A2747982450CDE1009DB156 /* Face_and_License_Matching_App.xcdatamodeld */; };
		5A27479C2450CDE1009DB156 /* ContentView.swift in Sources */ = {isa = PBXBuildFile; fileRef = 5A27479B2450CDE1009DB156 /* ContentView.swift */; };
		5A27479E2450CDE3009DB156 /* Assets.xcassets in Resources */ = {isa = PBXBuildFile; fileRef = 5A27479D2450CDE3009DB156 /* Assets.xcassets */; };
		5A2747A12450CDE3009DB156 /* Preview Assets.xcassets in Resources */ = {isa = PBXBuildFile; fileRef = 5A2747A02450CDE3009DB156 /* Preview Assets.xcassets */; };
		5A2747A42450CDE3009DB156 /* LaunchScreen.storyboard in Resources */ = {isa = PBXBuildFile; fileRef = 5A2747A22450CDE3009DB156 /* LaunchScreen.storyboard */; };
		5A2747AF2450CDE3009DB156 /* Face_and_License_Matching_AppTests.swift in Sources */ = {isa = PBXBuildFile; fileRef = 5A2747AE2450CDE3009DB156 /* Face_and_License_Matching_AppTests.swift */; };
		5A2747BA2450CDE3009DB156 /* Face_and_License_Matching_AppUITests.swift in Sources */ = {isa = PBXBuildFile; fileRef = 5A2747B92450CDE3009DB156 /* Face_and_License_Matching_AppUITests.swift */; };
/* End PBXBuildFile section */

/* Begin PBXContainerItemProxy section */
		5A2747AB2450CDE3009DB156 /* PBXContainerItemProxy */ = {
			isa = PBXContainerItemProxy;
			containerPortal = 5A2747892450CDE1009DB156 /* Project object */;
			proxyType = 1;
			remoteGlobalIDString = 5A2747902450CDE1009DB156;
			remoteInfo = "Face and License Matching App";
		};
		5A2747B62450CDE3009DB156 /* PBXContainerItemProxy */ = {
			isa = PBXContainerItemProxy;
			containerPortal = 5A2747892450CDE1009DB156 /* Project object */;
			proxyType = 1;
			remoteGlobalIDString = 5A2747902450CDE1009DB156;
			remoteInfo = "Face and License Matching App";
		};
/* End PBXContainerItemProxy section */

/* Begin PBXFileReference section */
		5A2747912450CDE1009DB156 /* Face and License Matching App.app */ = {isa = PBXFileReference; explicitFileType = wrapper.application; includeInIndex = 0; path = "Face and License Matching App.app"; sourceTree = BUILT_PRODUCTS_DIR; };
		5A2747942450CDE1009DB156 /* AppDelegate.swift */ = {isa = PBXFileReference; lastKnownFileType = sourcecode.swift; path = AppDelegate.swift; sourceTree = "<group>"; };
		5A2747962450CDE1009DB156 /* SceneDelegate.swift */ = {isa = PBXFileReference; lastKnownFileType = sourcecode.swift; path = SceneDelegate.swift; sourceTree = "<group>"; };
		5A2747992450CDE1009DB156 /* Face_and_License_Matching_App.xcdatamodel */ = {isa = PBXFileReference; lastKnownFileType = wrapper.xcdatamodel; path = Face_and_License_Matching_App.xcdatamodel; sourceTree = "<group>"; };
		5A27479B2450CDE1009DB156 /* ContentView.swift */ = {isa = PBXFileReference; lastKnownFileType = sourcecode.swift; path = ContentView.swift; sourceTree = "<group>"; };
		5A27479D2450CDE3009DB156 /* Assets.xcassets */ = {isa = PBXFileReference; lastKnownFileType = folder.assetcatalog; path = Assets.xcassets; sourceTree = "<group>"; };
		5A2747A02450CDE3009DB156 /* Preview Assets.xcassets */ = {isa = PBXFileReference; lastKnownFileType = folder.assetcatalog; path = "Preview Assets.xcassets"; sourceTree = "<group>"; };
		5A2747A32450CDE3009DB156 /* Base */ = {isa = PBXFileReference; lastKnownFileType = file.storyboard; name = Base; path = Base.lproj/LaunchScreen.storyboard; sourceTree = "<group>"; };
		5A2747A52450CDE3009DB156 /* Info.plist */ = {isa = PBXFileReference; lastKnownFileType = text.plist.xml; path = Info.plist; sourceTree = "<group>"; };
		5A2747AA2450CDE3009DB156 /* Face and License Matching AppTests.xctest */ = {isa = PBXFileReference; explicitFileType = wrapper.cfbundle; includeInIndex = 0; path = "Face and License Matching AppTests.xctest"; sourceTree = BUILT_PRODUCTS_DIR; };
		5A2747AE2450CDE3009DB156 /* Face_and_License_Matching_AppTests.swift */ = {isa = PBXFileReference; lastKnownFileType = sourcecode.swift; path = Face_and_License_Matching_AppTests.swift; sourceTree = "<group>"; };
		5A2747B02450CDE3009DB156 /* Info.plist */ = {isa = PBXFileReference; lastKnownFileType = text.plist.xml; path = Info.plist; sourceTree = "<group>"; };
		5A2747B52450CDE3009DB156 /* Face and License Matching AppUITests.xctest */ = {isa = PBXFileReference; explicitFileType = wrapper.cfbundle; includeInIndex = 0; path = "Face and License Matching AppUITests.xctest"; sourceTree = BUILT_PRODUCTS_DIR; };
		5A2747B92450CDE3009DB156 /* Face_and_License_Matching_AppUITests.swift */ = {isa = PBXFileReference; lastKnownFileType = sourcecode.swift; path = Face_and_License_Matching_AppUITests.swift; sourceTree = "<group>"; };
		5A2747BB2450CDE3009DB156 /* Info.plist */ = {isa = PBXFileReference; lastKnownFileType = text.plist.xml; path = Info.plist; sourceTree = "<group>"; };
/* End PBXFileReference section */

/* Begin PBXFrameworksBuildPhase section */
		5A27478E2450CDE1009DB156 /* Frameworks */ = {
			isa = PBXFrameworksBuildPhase;
			buildActionMask = 2147483647;
			files = (
			);
			runOnlyForDeploymentPostprocessing = 0;
		};
		5A2747A72450CDE3009DB156 /* Frameworks */ = {
			isa = PBXFrameworksBuildPhase;
			buildActionMask = 2147483647;
			files = (
			);
			runOnlyForDeploymentPostprocessing = 0;
		};
		5A2747B22450CDE3009DB156 /* Frameworks */ = {
			isa = PBXFrameworksBuildPhase;
			buildActionMask = 2147483647;
			files = (
			);
			runOnlyForDeploymentPostprocessing = 0;
		};
/* End PBXFrameworksBuildPhase section */

/* Begin PBXGroup section */
		5A2747882450CDE1009DB156 = {
			isa = PBXGroup;
			children = (
				5A2747932450CDE1009DB156 /* Face and License Matching App */,
				5A2747AD2450CDE3009DB156 /* Face and License Matching AppTests */,
				5A2747B82450CDE3009DB156 /* Face and License Matching AppUITests */,
				5A2747922450CDE1009DB156 /* Products */,
			);
			sourceTree = "<group>";
		};
		5A2747922450CDE1009DB156 /* Products */ = {
			isa = PBXGroup;
			children = (
				5A2747912450CDE1009DB156 /* Face and License Matching App.app */,
				5A2747AA2450CDE3009DB156 /* Face and License Matching AppTests.xctest */,
				5A2747B52450CDE3009DB156 /* Face and License Matching AppUITests.xctest */,
			);
			name = Products;
			sourceTree = "<group>";
		};
		5A2747932450CDE1009DB156 /* Face and License Matching App */ = {
			isa = PBXGroup;
			children = (
				5A2747942450CDE1009DB156 /* AppDelegate.swift */,
				5A2747962450CDE1009DB156 /* SceneDelegate.swift */,
				5A27479B2450CDE1009DB156 /* ContentView.swift */,
				5A27479D2450CDE3009DB156 /* Assets.xcassets */,
				5A2747A22450CDE3009DB156 /* LaunchScreen.storyboard */,
				5A2747A52450CDE3009DB156 /* Info.plist */,
				5A2747982450CDE1009DB156 /* Face_and_License_Matching_App.xcdatamodeld */,
				5A27479F2450CDE3009DB156 /* Preview Content */,
			);
			path = "Face and License Matching App";
			sourceTree = "<group>";
		};
		5A27479F2450CDE3009DB156 /* Preview Content */ = {
			isa = PBXGroup;
			children = (
				5A2747A02450CDE3009DB156 /* Preview Assets.xcassets */,
			);
			path = "Preview Content";
			sourceTree = "<group>";
		};
		5A2747AD2450CDE3009DB156 /* Face and License Matching AppTests */ = {
			isa = PBXGroup;
			children = (
				5A2747AE2450CDE3009DB156 /* Face_and_License_Matching_AppTests.swift */,
				5A2747B02450CDE3009DB156 /* Info.plist */,
			);
			path = "Face and License Matching AppTests";
			sourceTree = "<group>";
		};
		5A2747B82450CDE3009DB156 /* Face and License Matching AppUITests */ = {
			isa = PBXGroup;
			children = (
				5A2747B92450CDE3009DB156 /* Face_and_License_Matching_AppUITests.swift */,
				5A2747BB2450CDE3009DB156 /* Info.plist */,
			);
			path = "Face and License Matching AppUITests";
			sourceTree = "<group>";
		};
/* End PBXGroup section */

/* Begin PBXNativeTarget section */
		5A2747902450CDE1009DB156 /* Face and License Matching App */ = {
			isa = PBXNativeTarget;
			buildConfigurationList = 5A2747BE2450CDE3009DB156 /* Build configuration list for PBXNativeTarget "Face and License Matching App" */;
			buildPhases = (
				5A27478D2450CDE1009DB156 /* Sources */,
				5A27478E2450CDE1009DB156 /* Frameworks */,
				5A27478F2450CDE1009DB156 /* Resources */,
			);
			buildRules = (
			);
			dependencies = (
			);
			name = "Face and License Matching App";
			productName = "Face and License Matching App";
			productReference = 5A2747912450CDE1009DB156 /* Face and License Matching App.app */;
			productType = "com.apple.product-type.application";
		};
		5A2747A92450CDE3009DB156 /* Face and License Matching AppTests */ = {
			isa = PBXNativeTarget;
			buildConfigurationList = 5A2747C12450CDE3009DB156 /* Build configuration list for PBXNativeTarget "Face and License Matching AppTests" */;
			buildPhases = (
				5A2747A62450CDE3009DB156 /* Sources */,
				5A2747A72450CDE3009DB156 /* Frameworks */,
				5A2747A82450CDE3009DB156 /* Resources */,
			);
			buildRules = (
			);
			dependencies = (
				5A2747AC2450CDE3009DB156 /* PBXTargetDependency */,
			);
			name = "Face and License Matching AppTests";
			productName = "Face and License Matching AppTests";
			productReference = 5A2747AA2450CDE3009DB156 /* Face and License Matching AppTests.xctest */;
			productType = "com.apple.product-type.bundle.unit-test";
		};
		5A2747B42450CDE3009DB156 /* Face and License Matching AppUITests */ = {
			isa = PBXNativeTarget;
			buildConfigurationList = 5A2747C42450CDE3009DB156 /* Build configuration list for PBXNativeTarget "Face and License Matching AppUITests" */;
			buildPhases = (
				5A2747B12450CDE3009DB156 /* Sources */,
				5A2747B22450CDE3009DB156 /* Frameworks */,
				5A2747B32450CDE3009DB156 /* Resources */,
			);
			buildRules = (
			);
			dependencies = (
				5A2747B72450CDE3009DB156 /* PBXTargetDependency */,
			);
			name = "Face and License Matching AppUITests";
			productName = "Face and License Matching AppUITests";
			productReference = 5A2747B52450CDE3009DB156 /* Face and License Matching AppUITests.xctest */;
			productType = "com.apple.product-type.bundle.ui-testing";
		};
/* End PBXNativeTarget section */

/* Begin PBXProject section */
		5A2747892450CDE1009DB156 /* Project object */ = {
			isa = PBXProject;
			attributes = {
				LastSwiftUpdateCheck = 1140;
				LastUpgradeCheck = 1140;
				ORGANIZATIONNAME = "Akira Kawai";
				TargetAttributes = {
					5A2747902450CDE1009DB156 = {
						CreatedOnToolsVersion = 11.4.1;
					};
					5A2747A92450CDE3009DB156 = {
						CreatedOnToolsVersion = 11.4.1;
						TestTargetID = 5A2747902450CDE1009DB156;
					};
					5A2747B42450CDE3009DB156 = {
						CreatedOnToolsVersion = 11.4.1;
						TestTargetID = 5A2747902450CDE1009DB156;
					};
				};
			};
			buildConfigurationList = 5A27478C2450CDE1009DB156 /* Build configuration list for PBXProject "Face and License Matching App" */;
			compatibilityVersion = "Xcode 9.3";
			developmentRegion = en;
			hasScannedForEncodings = 0;
			knownRegions = (
				en,
				Base,
			);
			mainGroup = 5A2747882450CDE1009DB156;
			productRefGroup = 5A2747922450CDE1009DB156 /* Products */;
			projectDirPath = "";
			projectRoot = "";
			targets = (
				5A2747902450CDE1009DB156 /* Face and License Matching App */,
				5A2747A92450CDE3009DB156 /* Face and License Matching AppTests */,
				5A2747B42450CDE3009DB156 /* Face and License Matching AppUITests */,
			);
		};
/* End PBXProject section */

/* Begin PBXResourcesBuildPhase section */
		5A27478F2450CDE1009DB156 /* Resources */ = {
			isa = PBXResourcesBuildPhase;
			buildActionMask = 2147483647;
			files = (
				5A2747A42450CDE3009DB156 /* LaunchScreen.storyboard in Resources */,
				5A2747A12450CDE3009DB156 /* Preview Assets.xcassets in Resources */,
				5A27479E2450CDE3009DB156 /* Assets.xcassets in Resources */,
			);
			runOnlyForDeploymentPostprocessing = 0;
		};
		5A2747A82450CDE3009DB156 /* Resources */ = {
			isa = PBXResourcesBuildPhase;
			buildActionMask = 2147483647;
			files = (
			);
			runOnlyForDeploymentPostprocessing = 0;
		};
		5A2747B32450CDE3009DB156 /* Resources */ = {
			isa = PBXResourcesBuildPhase;
			buildActionMask = 2147483647;
			files = (
			);
			runOnlyForDeploymentPostprocessing = 0;
		};
/* End PBXResourcesBuildPhase section */

/* Begin PBXSourcesBuildPhase section */
		5A27478D2450CDE1009DB156 /* Sources */ = {
			isa = PBXSourcesBuildPhase;
			buildActionMask = 2147483647;
			files = (
				5A2747952450CDE1009DB156 /* AppDelegate.swift in Sources */,
				5A27479A2450CDE1009DB156 /* Face_and_License_Matching_App.xcdatamodeld in Sources */,
				5A27479C2450CDE1009DB156 /* ContentView.swift in Sources */,
				5A2747972450CDE1009DB156 /* SceneDelegate.swift in Sources */,
			);
			runOnlyForDeploymentPostprocessing = 0;
		};
		5A2747A62450CDE3009DB156 /* Sources */ = {
			isa = PBXSourcesBuildPhase;
			buildActionMask = 2147483647;
			files = (
				5A2747AF2450CDE3009DB156 /* Face_and_License_Matching_AppTests.swift in Sources */,
			);
			runOnlyForDeploymentPostprocessing = 0;
		};
		5A2747B12450CDE3009DB156 /* Sources */ = {
			isa = PBXSourcesBuildPhase;
			buildActionMask = 2147483647;
			files = (
				5A2747BA2450CDE3009DB156 /* Face_and_License_Matching_AppUITests.swift in Sources */,
			);
			runOnlyForDeploymentPostprocessing = 0;
		};
/* End PBXSourcesBuildPhase section */

/* Begin PBXTargetDependency section */
		5A2747AC2450CDE3009DB156 /* PBXTargetDependency */ = {
			isa = PBXTargetDependency;
			target = 5A2747902450CDE1009DB156 /* Face and License Matching App */;
			targetProxy = 5A2747AB2450CDE3009DB156 /* PBXContainerItemProxy */;
		};
		5A2747B72450CDE3009DB156 /* PBXTargetDependency */ = {
			isa = PBXTargetDependency;
			target = 5A2747902450CDE1009DB156 /* Face and License Matching App */;
			targetProxy = 5A2747B62450CDE3009DB156 /* PBXContainerItemProxy */;
		};
/* End PBXTargetDependency section */

/* Begin PBXVariantGroup section */
		5A2747A22450CDE3009DB156 /* LaunchScreen.storyboard */ = {
			isa = PBXVariantGroup;
			children = (
				5A2747A32450CDE3009DB156 /* Base */,
			);
			name = LaunchScreen.storyboard;
			sourceTree = "<group>";
		};
/* End PBXVariantGroup section */

/* Begin XCBuildConfiguration section */
		5A2747BC2450CDE3009DB156 /* Debug */ = {
			isa = XCBuildConfiguration;
			buildSettings = {
				ALWAYS_SEARCH_USER_PATHS = NO;
				CLANG_ANALYZER_NONNULL = YES;
				CLANG_ANALYZER_NUMBER_OBJECT_CONVERSION = YES_AGGRESSIVE;
				CLANG_CXX_LANGUAGE_STANDARD = "gnu++14";
				CLANG_CXX_LIBRARY = "libc++";
				CLANG_ENABLE_MODULES = YES;
				CLANG_ENABLE_OBJC_ARC = YES;
				CLANG_ENABLE_OBJC_WEAK = YES;
				CLANG_WARN_BLOCK_CAPTURE_AUTORELEASING = YES;
				CLANG_WARN_BOOL_CONVERSION = YES;
				CLANG_WARN_COMMA = YES;
				CLANG_WARN_CONSTANT_CONVERSION = YES;
				CLANG_WARN_DEPRECATED_OBJC_IMPLEMENTATIONS = YES;
				CLANG_WARN_DIRECT_OBJC_ISA_USAGE = YES_ERROR;
				CLANG_WARN_DOCUMENTATION_COMMENTS = YES;
				CLANG_WARN_EMPTY_BODY = YES;
				CLANG_WARN_ENUM_CONVERSION = YES;
				CLANG_WARN_INFINITE_RECURSION = YES;
				CLANG_WARN_INT_CONVERSION = YES;
				CLANG_WARN_NON_LITERAL_NULL_CONVERSION = YES;
				CLANG_WARN_OBJC_IMPLICIT_RETAIN_SELF = YES;
				CLANG_WARN_OBJC_LITERAL_CONVERSION = YES;
				CLANG_WARN_OBJC_ROOT_CLASS = YES_ERROR;
				CLANG_WARN_RANGE_LOOP_ANALYSIS = YES;
				CLANG_WARN_STRICT_PROTOTYPES = YES;
				CLANG_WARN_SUSPICIOUS_MOVE = YES;
				CLANG_WARN_UNGUARDED_AVAILABILITY = YES_AGGRESSIVE;
				CLANG_WARN_UNREACHABLE_CODE = YES;
				CLANG_WARN__DUPLICATE_METHOD_MATCH = YES;
				COPY_PHASE_STRIP = NO;
				DEBUG_INFORMATION_FORMAT = dwarf;
				ENABLE_STRICT_OBJC_MSGSEND = YES;
				ENABLE_TESTABILITY = YES;
				GCC_C_LANGUAGE_STANDARD = gnu11;
				GCC_DYNAMIC_NO_PIC = NO;
				GCC_NO_COMMON_BLOCKS = YES;
				GCC_OPTIMIZATION_LEVEL = 0;
				GCC_PREPROCESSOR_DEFINITIONS = (
					"DEBUG=1",
					"$(inherited)",
				);
				GCC_WARN_64_TO_32_BIT_CONVERSION = YES;
				GCC_WARN_ABOUT_RETURN_TYPE = YES_ERROR;
				GCC_WARN_UNDECLARED_SELECTOR = YES;
				GCC_WARN_UNINITIALIZED_AUTOS = YES_AGGRESSIVE;
				GCC_WARN_UNUSED_FUNCTION = YES;
				GCC_WARN_UNUSED_VARIABLE = YES;
				IPHONEOS_DEPLOYMENT_TARGET = 13.4;
				MTL_ENABLE_DEBUG_INFO = INCLUDE_SOURCE;
				MTL_FAST_MATH = YES;
				ONLY_ACTIVE_ARCH = YES;
				SDKROOT = iphoneos;
				SWIFT_ACTIVE_COMPILATION_CONDITIONS = DEBUG;
				SWIFT_OPTIMIZATION_LEVEL = "-Onone";
			};
			name = Debug;
		};
		5A2747BD2450CDE3009DB156 /* Release */ = {
			isa = XCBuildConfiguration;
			buildSettings = {
				ALWAYS_SEARCH_USER_PATHS = NO;
				CLANG_ANALYZER_NONNULL = YES;
				CLANG_ANALYZER_NUMBER_OBJECT_CONVERSION = YES_AGGRESSIVE;
				CLANG_CXX_LANGUAGE_STANDARD = "gnu++14";
				CLANG_CXX_LIBRARY = "libc++";
				CLANG_ENABLE_MODULES = YES;
				CLANG_ENABLE_OBJC_ARC = YES;
				CLANG_ENABLE_OBJC_WEAK = YES;
				CLANG_WARN_BLOCK_CAPTURE_AUTORELEASING = YES;
				CLANG_WARN_BOOL_CONVERSION = YES;
				CLANG_WARN_COMMA = YES;
				CLANG_WARN_CONSTANT_CONVERSION = YES;
				CLANG_WARN_DEPRECATED_OBJC_IMPLEMENTATIONS = YES;
				CLANG_WARN_DIRECT_OBJC_ISA_USAGE = YES_ERROR;
				CLANG_WARN_DOCUMENTATION_COMMENTS = YES;
				CLANG_WARN_EMPTY_BODY = YES;
				CLANG_WARN_ENUM_CONVERSION = YES;
				CLANG_WARN_INFINITE_RECURSION = YES;
				CLANG_WARN_INT_CONVERSION = YES;
				CLANG_WARN_NON_LITERAL_NULL_CONVERSION = YES;
				CLANG_WARN_OBJC_IMPLICIT_RETAIN_SELF = YES;
				CLANG_WARN_OBJC_LITERAL_CONVERSION = YES;
				CLANG_WARN_OBJC_ROOT_CLASS = YES_ERROR;
				CLANG_WARN_RANGE_LOOP_ANALYSIS = YES;
				CLANG_WARN_STRICT_PROTOTYPES = YES;
				CLANG_WARN_SUSPICIOUS_MOVE = YES;
				CLANG_WARN_UNGUARDED_AVAILABILITY = YES_AGGRESSIVE;
				CLANG_WARN_UNREACHABLE_CODE = YES;
				CLANG_WARN__DUPLICATE_METHOD_MATCH = YES;
				COPY_PHASE_STRIP = NO;
				DEBUG_INFORMATION_FORMAT = "dwarf-with-dsym";
				ENABLE_NS_ASSERTIONS = NO;
				ENABLE_STRICT_OBJC_MSGSEND = YES;
				GCC_C_LANGUAGE_STANDARD = gnu11;
				GCC_NO_COMMON_BLOCKS = YES;
				GCC_WARN_64_TO_32_BIT_CONVERSION = YES;
				GCC_WARN_ABOUT_RETURN_TYPE = YES_ERROR;
				GCC_WARN_UNDECLARED_SELECTOR = YES;
				GCC_WARN_UNINITIALIZED_AUTOS = YES_AGGRESSIVE;
				GCC_WARN_UNUSED_FUNCTION = YES;
				GCC_WARN_UNUSED_VARIABLE = YES;
				IPHONEOS_DEPLOYMENT_TARGET = 13.4;
				MTL_ENABLE_DEBUG_INFO = NO;
				MTL_FAST_MATH = YES;
				SDKROOT = iphoneos;
				SWIFT_COMPILATION_MODE = wholemodule;
				SWIFT_OPTIMIZATION_LEVEL = "-O";
				VALIDATE_PRODUCT = YES;
			};
			name = Release;
		};
		5A2747BF2450CDE3009DB156 /* Debug */ = {
			isa = XCBuildConfiguration;
			buildSettings = {
				ASSETCATALOG_COMPILER_APPICON_NAME = AppIcon;
				CODE_SIGN_STYLE = Automatic;
				DEVELOPMENT_ASSET_PATHS = "\"Face and License Matching App/Preview Content\"";
				DEVELOPMENT_TEAM = 8UQ8M48KZB;
				ENABLE_PREVIEWS = YES;
				INFOPLIST_FILE = "Face and License Matching App/Info.plist";
				LD_RUNPATH_SEARCH_PATHS = (
					"$(inherited)",
					"@executable_path/Frameworks",
				);
				PRODUCT_BUNDLE_IDENTIFIER = "kawaiakira.Face-and-License-Matching-App";
				PRODUCT_NAME = "$(TARGET_NAME)";
				SWIFT_VERSION = 5.0;
				TARGETED_DEVICE_FAMILY = "1,2";
			};
			name = Debug;
		};
		5A2747C02450CDE3009DB156 /* Release */ = {
			isa = XCBuildConfiguration;
			buildSettings = {
				ASSETCATALOG_COMPILER_APPICON_NAME = AppIcon;
				CODE_SIGN_STYLE = Automatic;
				DEVELOPMENT_ASSET_PATHS = "\"Face and License Matching App/Preview Content\"";
				DEVELOPMENT_TEAM = 8UQ8M48KZB;
				ENABLE_PREVIEWS = YES;
				INFOPLIST_FILE = "Face and License Matching App/Info.plist";
				LD_RUNPATH_SEARCH_PATHS = (
					"$(inherited)",
					"@executable_path/Frameworks",
				);
				PRODUCT_BUNDLE_IDENTIFIER = "kawaiakira.Face-and-License-Matching-App";
				PRODUCT_NAME = "$(TARGET_NAME)";
				SWIFT_VERSION = 5.0;
				TARGETED_DEVICE_FAMILY = "1,2";
			};
			name = Release;
		};
		5A2747C22450CDE3009DB156 /* Debug */ = {
			isa = XCBuildConfiguration;
			buildSettings = {
				ALWAYS_EMBED_SWIFT_STANDARD_LIBRARIES = YES;
				BUNDLE_LOADER = "$(TEST_HOST)";
				CODE_SIGN_STYLE = Automatic;
				DEVELOPMENT_TEAM = 8UQ8M48KZB;
				INFOPLIST_FILE = "Face and License Matching AppTests/Info.plist";
				IPHONEOS_DEPLOYMENT_TARGET = 13.4;
				LD_RUNPATH_SEARCH_PATHS = (
					"$(inherited)",
					"@executable_path/Frameworks",
					"@loader_path/Frameworks",
				);
				PRODUCT_BUNDLE_IDENTIFIER = "kawaiakira.Face-and-License-Matching-AppTests";
				PRODUCT_NAME = "$(TARGET_NAME)";
				SWIFT_VERSION = 5.0;
				TARGETED_DEVICE_FAMILY = "1,2";
				TEST_HOST = "$(BUILT_PRODUCTS_DIR)/Face and License Matching App.app/Face and License Matching App";
			};
			name = Debug;
		};
		5A2747C32450CDE3009DB156 /* Release */ = {
			isa = XCBuildConfiguration;
			buildSettings = {
				ALWAYS_EMBED_SWIFT_STANDARD_LIBRARIES = YES;
				BUNDLE_LOADER = "$(TEST_HOST)";
				CODE_SIGN_STYLE = Automatic;
				DEVELOPMENT_TEAM = 8UQ8M48KZB;
				INFOPLIST_FILE = "Face and License Matching AppTests/Info.plist";
				IPHONEOS_DEPLOYMENT_TARGET = 13.4;
				LD_RUNPATH_SEARCH_PATHS = (
					"$(inherited)",
					"@executable_path/Frameworks",
					"@loader_path/Frameworks",
				);
				PRODUCT_BUNDLE_IDENTIFIER = "kawaiakira.Face-and-License-Matching-AppTests";
				PRODUCT_NAME = "$(TARGET_NAME)";
				SWIFT_VERSION = 5.0;
				TARGETED_DEVICE_FAMILY = "1,2";
				TEST_HOST = "$(BUILT_PRODUCTS_DIR)/Face and License Matching App.app/Face and License Matching App";
			};
			name = Release;
		};
		5A2747C52450CDE3009DB156 /* Debug */ = {
			isa = XCBuildConfiguration;
			buildSettings = {
				ALWAYS_EMBED_SWIFT_STANDARD_LIBRARIES = YES;
				CODE_SIGN_STYLE = Automatic;
				DEVELOPMENT_TEAM = 8UQ8M48KZB;
				INFOPLIST_FILE = "Face and License Matching AppUITests/Info.plist";
				LD_RUNPATH_SEARCH_PATHS = (
					"$(inherited)",
					"@executable_path/Frameworks",
					"@loader_path/Frameworks",
				);
				PRODUCT_BUNDLE_IDENTIFIER = "kawaiakira.Face-and-License-Matching-AppUITests";
				PRODUCT_NAME = "$(TARGET_NAME)";
				SWIFT_VERSION = 5.0;
				TARGETED_DEVICE_FAMILY = "1,2";
				TEST_TARGET_NAME = "Face and License Matching App";
			};
			name = Debug;
		};
		5A2747C62450CDE3009DB156 /* Release */ = {
			isa = XCBuildConfiguration;
			buildSettings = {
				ALWAYS_EMBED_SWIFT_STANDARD_LIBRARIES = YES;
				CODE_SIGN_STYLE = Automatic;
				DEVELOPMENT_TEAM = 8UQ8M48KZB;
				INFOPLIST_FILE = "Face and License Matching AppUITests/Info.plist";
				LD_RUNPATH_SEARCH_PATHS = (
					"$(inherited)",
					"@executable_path/Frameworks",
					"@loader_path/Frameworks",
				);
				PRODUCT_BUNDLE_IDENTIFIER = "kawaiakira.Face-and-License-Matching-AppUITests";
				PRODUCT_NAME = "$(TARGET_NAME)";
				SWIFT_VERSION = 5.0;
				TARGETED_DEVICE_FAMILY = "1,2";
				TEST_TARGET_NAME = "Face and License Matching App";
			};
			name = Release;
		};
/* End XCBuildConfiguration section */

/* Begin XCConfigurationList section */
		5A27478C2450CDE1009DB156 /* Build configuration list for PBXProject "Face and License Matching App" */ = {
			isa = XCConfigurationList;
			buildConfigurations = (
				5A2747BC2450CDE3009DB156 /* Debug */,
				5A2747BD2450CDE3009DB156 /* Release */,
			);
			defaultConfigurationIsVisible = 0;
			defaultConfigurationName = Release;
		};
		5A2747BE2450CDE3009DB156 /* Build configuration list for PBXNativeTarget "Face and License Matching App" */ = {
			isa = XCConfigurationList;
			buildConfigurations = (
				5A2747BF2450CDE3009DB156 /* Debug */,
				5A2747C02450CDE3009DB156 /* Release */,
			);
			defaultConfigurationIsVisible = 0;
			defaultConfigurationName = Release;
		};
		5A2747C12450CDE3009DB156 /* Build configuration list for PBXNativeTarget "Face and License Matching AppTests" */ = {
			isa = XCConfigurationList;
			buildConfigurations = (
				5A2747C22450CDE3009DB156 /* Debug */,
				5A2747C32450CDE3009DB156 /* Release */,
			);
			defaultConfigurationIsVisible = 0;
			defaultConfigurationName = Release;
		};
		5A2747C42450CDE3009DB156 /* Build configuration list for PBXNativeTarget "Face and License Matching AppUITests" */ = {
			isa = XCConfigurationList;
			buildConfigurations = (
				5A2747C52450CDE3009DB156 /* Debug */,
				5A2747C62450CDE3009DB156 /* Release */,
			);
			defaultConfigurationIsVisible = 0;
			defaultConfigurationName = Release;
		};
/* End XCConfigurationList section */

/* Begin XCVersionGroup section */
		5A2747982450CDE1009DB156 /* Face_and_License_Matching_App.xcdatamodeld */ = {
			isa = XCVersionGroup;
			children = (
				5A2747992450CDE1009DB156 /* Face_and_License_Matching_App.xcdatamodel */,
			);
			currentVersion = 5A2747992450CDE1009DB156 /* Face_and_License_Matching_App.xcdatamodel */;
			path = Face_and_License_Matching_App.xcdatamodeld;
			sourceTree = "<group>";
			versionGroupType = wrapper.xcdatamodel;
		};
/* End XCVersionGroup section */
	};
	rootObject = 5A2747892450CDE1009DB156 /* Project object */;
}
